{
  "originHash" : "5a297182cbc69089f5ab77d0f52487339f3485b1f397fcc21191e0b03bfceeab",
  "pins" : [
    {
      "identity" : "fluidaudio",
      "kind" : "remoteSourceControl",
      "location" : "https://github.com/brandon-nextwork/FluidAudio.git",
      "state" : {
        "revision" : "61dc8edf915e528a11d81ded84b83d2709746713"
      }
    }
  ],
  "version" : 3
}
